<?xml version="1.0" encoding="utf-8"?>
<Project ToolsVersion="4.0" xmlns="http://schemas.microsoft.com/developer/msbuild/2003">
  <ItemGroup>
    <Filter Include="sys">
      <UniqueIdentifier>{675d7bdf-a7d3-4ee7-b7c2-95acfcb9fa97}</UniqueIdentifier>
    </Filter>
    <Filter Include="ui">
      <UniqueIdentifier>{4451b9ce-ed5a-4216-9770-764eb7920875}</UniqueIdentifier>
    </Filter>
    <Filter Include="util">
      <UniqueIdentifier>{ec01dbb9-7296-4253-9b28-3cfc0e4d992b}</UniqueIdentifier>
    </Filter>
    <Filter Include="gfx">
      <UniqueIdentifier>{6d9e0df0-72fe-4eba-8963-729c5f25a8fa}</UniqueIdentifier>
    </Filter>
    <Filter Include="sys\base">
      <UniqueIdentifier>{51410dd5-f414-47d2-b562-60244e254b3a}</UniqueIdentifier>
    </Filter>
    <Filter Include="sys\win">
      <UniqueIdentifier>{fdf03f62-4fac-463d-938e-ec6090fe5387}</UniqueIdentifier>
    </Filter>
    <Filter Include="log">
      <UniqueIdentifier>{60ddc6fc-73ad-4155-bc31-deba8db52230}</UniqueIdentifier>
    </Filter>
    <Filter Include="math">
      <UniqueIdentifier>{685e5bbe-a0c2-4733-9993-93a5a78c91e7}</UniqueIdentifier>
    </Filter>
    <Filter Include="gfx\base">
      <UniqueIdentifier>{1e4a600d-7b74-4711-9496-4be3c7cee7fe}</UniqueIdentifier>
    </Filter>
    <Filter Include="ui\events">
      <UniqueIdentifier>{c28c02a0-765f-4ba9-8ff7-9d4329998dd6}</UniqueIdentifier>
    </Filter>
    <Filter Include="ui\mouse">
      <UniqueIdentifier>{b0178c99-ba48-4285-90c6-a1520486a43d}</UniqueIdentifier>
    </Filter>
    <Filter Include="ui\gui">
      <UniqueIdentifier>{bce7902c-67ef-46d4-894a-4bd8afcc6735}</UniqueIdentifier>
    </Filter>
    <Filter Include="ui\rouge">
      <UniqueIdentifier>{8aec6253-38c1-4144-a6a5-5f2116eb4167}</UniqueIdentifier>
    </Filter>
    <Filter Include="sys\rouge">
      <UniqueIdentifier>{a20825f9-59a3-4880-935c-265db2c58eb3}</UniqueIdentifier>
    </Filter>
    <Filter Include="ui\keyboard">
      <UniqueIdentifier>{89ae3102-be0f-4f3a-8b3f-10b55be34f2b}</UniqueIdentifier>
    </Filter>
    <Filter Include="game">
      <UniqueIdentifier>{43800cf2-efdd-4b71-971e-5219813f18d5}</UniqueIdentifier>
    </Filter>
    <Filter Include="base">
      <UniqueIdentifier>{0c5c8aa6-5ad2-4530-80f6-fbbcf9ab905e}</UniqueIdentifier>
    </Filter>
    <Filter Include="game\stats">
      <UniqueIdentifier>{ad5c5256-4bf7-49fa-ac32-08fe9a2316ab}</UniqueIdentifier>
    </Filter>
    <Filter Include="ui\editor">
      <UniqueIdentifier>{e8176776-34b9-451f-a296-ac4a3baa8f3a}</UniqueIdentifier>
    </Filter>
    <Filter Include="gfx\base\util">
      <UniqueIdentifier>{49add265-7644-43e1-87fa-fc1b0c568e07}</UniqueIdentifier>
    </Filter>
    <Filter Include="gfx\base\text">
      <UniqueIdentifier>{d2d19d70-7e8f-4c9c-a7ed-6b5fb9fc98b3}</UniqueIdentifier>
    </Filter>
    <Filter Include="sys\tests">
      <UniqueIdentifier>{738982a0-ad00-41ea-8341-c2fa635da1f2}</UniqueIdentifier>
    </Filter>
    <Filter Include="tests">
      <UniqueIdentifier>{c892e353-bd3d-4061-a217-829d0e5be989}</UniqueIdentifier>
    </Filter>
    <Filter Include="tests\base">
      <UniqueIdentifier>{e01c10a4-0050-4d56-b0e7-e2d5e98b8082}</UniqueIdentifier>
    </Filter>
    <Filter Include="tests\mouse">
      <UniqueIdentifier>{916869d6-e6f3-466c-8605-32b561be508d}</UniqueIdentifier>
    </Filter>
    <Filter Include="tests\game">
      <UniqueIdentifier>{949b1a7d-dc8d-4f8e-80ae-d965f874f98e}</UniqueIdentifier>
    </Filter>
  </ItemGroup>
  <ItemGroup>
    <ClCompile Include="main.cpp" />
    <ClCompile Include="gfx\gfx_asset.cpp">
      <Filter>gfx\base</Filter>
    </ClCompile>
    <ClCompile Include="gfx\gfx_engine.cpp">
      <Filter>gfx\base</Filter>
    </ClCompile>
    <ClCompile Include="gfx\gfx_font.cpp">
      <Filter>gfx\base</Filter>
    </ClCompile>
    <ClCompile Include="gfx\gfx_layer.cpp">
      <Filter>gfx\base</Filter>
    </ClCompile>
    <ClCompile Include="gfx\gfx_log_listener.cpp">
      <Filter>gfx\base</Filter>
    </ClCompile>
    <ClCompile Include="gfx\gfx_renderable.cpp">
      <Filter>gfx\base</Filter>
    </ClCompile>
    <ClCompile Include="gfx\gfx_sprite.cpp">
      <Filter>gfx\base</Filter>
    </ClCompile>
    <ClCompile Include="gfx\gfx_text_field.cpp">
      <Filter>gfx\base</Filter>
    </ClCompile>
    <ClCompile Include="gfx\gfx_text_list.cpp">
      <Filter>gfx\base</Filter>
    </ClCompile>
    <ClCompile Include="gfx\gfx_texture.cpp">
      <Filter>gfx\base</Filter>
    </ClCompile>
    <ClCompile Include="gfx\texture_window.cpp">
      <Filter>gfx\base\util</Filter>
    </ClCompile>
    <ClCompile Include="gfx\scale_nine.cpp">
      <Filter>gfx\base\util</Filter>
    </ClCompile>
    <ClCompile Include="ui\data_event.cpp">
      <Filter>ui\events</Filter>
    </ClCompile>
    <ClCompile Include="ui\event.cpp">
      <Filter>ui\events</Filter>
    </ClCompile>
    <ClCompile Include="ui\event_manager.cpp">
      <Filter>ui\events</Filter>
    </ClCompile>
    <ClCompile Include="ui\ui_button.cpp">
      <Filter>ui\gui</Filter>
    </ClCompile>
    <ClCompile Include="ui\ui_checkbox.cpp">
      <Filter>ui\gui</Filter>
    </ClCompile>
    <ClCompile Include="ui\ui_component.cpp">
      <Filter>ui\gui</Filter>
    </ClCompile>
    <ClCompile Include="ui\ui_image.cpp">
      <Filter>ui\gui</Filter>
    </ClCompile>
    <ClCompile Include="ui\ui_label.cpp">
      <Filter>ui\gui</Filter>
    </ClCompile>
    <ClCompile Include="ui\ui_text_input.cpp">
      <Filter>ui\gui</Filter>
    </ClCompile>
    <ClCompile Include="ui\keyboard_common.cpp">
      <Filter>ui\keyboard</Filter>
    </ClCompile>
    <ClCompile Include="ui\keyboard_manager.cpp">
      <Filter>ui\keyboard</Filter>
    </ClCompile>
    <ClCompile Include="ui\keyboard_event.cpp">
      <Filter>ui\keyboard</Filter>
    </ClCompile>
    <ClCompile Include="ui\mouse_event.cpp">
      <Filter>ui\mouse</Filter>
    </ClCompile>
    <ClCompile Include="ui\mouse_common.cpp">
      <Filter>ui\mouse</Filter>
    </ClCompile>
    <ClCompile Include="ui\mouse_manager.cpp">
      <Filter>ui\mouse</Filter>
    </ClCompile>
    <ClCompile Include="ui\ui_ingame_menu.cpp">
      <Filter>ui\rouge</Filter>
    </ClCompile>
    <ClCompile Include="ui\ui_main_menu.cpp">
      <Filter>ui\rouge</Filter>
    </ClCompile>
    <ClCompile Include="ui\ui_options_panel.cpp">
      <Filter>ui\rouge</Filter>
    </ClCompile>
    <ClCompile Include="game\camera.cpp">
      <Filter>game</Filter>
    </ClCompile>
    <ClCompile Include="game\character.cpp">
      <Filter>game</Filter>
    </ClCompile>
    <ClCompile Include="game\engine.cpp">
      <Filter>game</Filter>
    </ClCompile>
    <ClCompile Include="game\game.cpp">
      <Filter>game</Filter>
    </ClCompile>
    <ClCompile Include="game\game_object.cpp">
      <Filter>game</Filter>
    </ClCompile>
    <ClCompile Include="game\map.cpp">
      <Filter>game</Filter>
    </ClCompile>
    <ClCompile Include="game\player_controller.cpp">
      <Filter>game</Filter>
    </ClCompile>
    <ClCompile Include="game\tile.cpp">
      <Filter>game</Filter>
    </ClCompile>
    <ClCompile Include="game\tile_instance.cpp">
      <Filter>game</Filter>
    </ClCompile>
    <ClCompile Include="game\tile_set.cpp">
      <Filter>game</Filter>
    </ClCompile>
    <ClCompile Include="base\imanaged.cpp">
      <Filter>base</Filter>
    </ClCompile>
    <ClCompile Include="math\transform.cpp">
      <Filter>math</Filter>
    </ClCompile>
    <ClCompile Include="math\transform_lite.cpp">
      <Filter>math</Filter>
    </ClCompile>
    <ClCompile Include="sys\game_system.cpp">
      <Filter>sys\base</Filter>
    </ClCompile>
    <ClCompile Include="sys\rouge_system.cpp">
      <Filter>sys\rouge</Filter>
    </ClCompile>
    <ClCompile Include="sys\win_system.cpp">
      <Filter>sys\win</Filter>
    </ClCompile>
    <ClCompile Include="log\flie_log_listener.cpp">
      <Filter>log</Filter>
    </ClCompile>
    <ClCompile Include="log\log_entry.cpp">
      <Filter>log</Filter>
    </ClCompile>
    <ClCompile Include="log\logger.cpp">
      <Filter>log</Filter>
    </ClCompile>
    <ClCompile Include="game\item.cpp">
      <Filter>game</Filter>
    </ClCompile>
    <ClCompile Include="game\stat_modifier.cpp">
      <Filter>game\stats</Filter>
    </ClCompile>
    <ClCompile Include="game\stat_modifiers.cpp">
      <Filter>game\stats</Filter>
    </ClCompile>
    <ClCompile Include="game\stat_range.cpp">
      <Filter>game\stats</Filter>
    </ClCompile>
    <ClCompile Include="game\stats.cpp">
      <Filter>game\stats</Filter>
    </ClCompile>
    <ClCompile Include="game\item_instance.cpp">
      <Filter>game</Filter>
    </ClCompile>
    <ClCompile Include="ui\ui_inspector.cpp">
      <Filter>ui\rouge</Filter>
    </ClCompile>
    <ClCompile Include="ui\ui_game_hud.cpp">
      <Filter>ui\rouge</Filter>
    </ClCompile>
    <ClCompile Include="ui\ui_panel.cpp">
      <Filter>ui\gui</Filter>
    </ClCompile>
    <ClCompile Include="ui\ui_editor_hud.cpp">
      <Filter>ui\editor</Filter>
    </ClCompile>
    <ClCompile Include="ui\ui_asset_renderer.cpp">
      <Filter>ui\editor</Filter>
    </ClCompile>
    <ClCompile Include="gfx\gfx_particle_system.cpp">
      <Filter>gfx\base</Filter>
    </ClCompile>
    <ClCompile Include="gfx\gfx_effect.cpp">
      <Filter>gfx\base</Filter>
    </ClCompile>
    <ClCompile Include="gfx\gfx_colour_effect.cpp">
      <Filter>gfx\base</Filter>
    </ClCompile>
    <ClCompile Include="game\tile_type.cpp">
      <Filter>game</Filter>
    </ClCompile>
    <ClCompile Include="ui\ui_character_screen.cpp">
      <Filter>ui\rouge</Filter>
    </ClCompile>
    <ClCompile Include="game\stats_common.cpp">
      <Filter>game\stats</Filter>
    </ClCompile>
    <ClCompile Include="gfx\gfx_node.cpp">
      <Filter>gfx\base\text</Filter>
    </ClCompile>
    <ClCompile Include="gfx\gfx_node_hitbox.cpp">
      <Filter>gfx\base\text</Filter>
    </ClCompile>
    <ClCompile Include="game\inventory.cpp">
      <Filter>game</Filter>
    </ClCompile>
    <ClCompile Include="game\inventory_spot.cpp">
      <Filter>game</Filter>
    </ClCompile>
    <ClCompile Include="game\item_common.cpp">
      <Filter>game</Filter>
    </ClCompile>
    <ClCompile Include="gfx\gfx_text_style.cpp">
      <Filter>gfx\base\text</Filter>
    </ClCompile>
    <ClCompile Include="gfx\gfx_text_style_selector.cpp">
      <Filter>gfx\base\text</Filter>
    </ClCompile>
    <ClCompile Include="gfx\gfx_text_field2.cpp">
      <Filter>gfx\base\text</Filter>
    </ClCompile>
    <ClCompile Include="ui\ui_inventory_renderer.cpp">
      <Filter>ui\rouge</Filter>
    </ClCompile>
    <ClCompile Include="ui\inventory_event.cpp">
      <Filter>ui\rouge</Filter>
    </ClCompile>
    <ClCompile Include="ui\inventory_event_common.cpp">
      <Filter>ui\rouge</Filter>
    </ClCompile>
    <ClCompile Include="ui\ui_tooltip.cpp">
      <Filter>ui\gui</Filter>
    </ClCompile>
    <ClCompile Include="game\player_hand.cpp">
      <Filter>game</Filter>
    </ClCompile>
    <ClCompile Include="util\bounding_box.cpp">
      <Filter>util</Filter>
    </ClCompile>
    <ClCompile Include="util\colour.cpp">
      <Filter>util</Filter>
    </ClCompile>
    <ClCompile Include="util\json_value.cpp">
      <Filter>util</Filter>
    </ClCompile>
    <ClCompile Include="util\stat_tokeniser.cpp">
      <Filter>util</Filter>
    </ClCompile>
    <ClCompile Include="util\text_tokeniser.cpp">
      <Filter>util</Filter>
    </ClCompile>
    <ClCompile Include="util\tokeniser.cpp">
      <Filter>util</Filter>
    </ClCompile>
    <ClCompile Include="util\utils.cpp">
      <Filter>util</Filter>
    </ClCompile>
    <ClCompile Include="sys\unit_test_system.cpp">
      <Filter>sys\tests</Filter>
    </ClCompile>
    <ClCompile Include="tests\test_base.cpp">
      <Filter>tests\base</Filter>
    </ClCompile>
    <ClCompile Include="tests\test_mouse_manager.cpp">
      <Filter>tests\mouse</Filter>
    </ClCompile>
    <ClCompile Include="tests\asserts.cpp">
      <Filter>tests</Filter>
    </ClCompile>
    <ClCompile Include="tests\test_map.cpp">
      <Filter>tests\game</Filter>
    </ClCompile>
    <ClCompile Include="tests\test_character.cpp">
      <Filter>tests\game</Filter>
    </ClCompile>
    <ClCompile Include="game\body_part.cpp">
      <Filter>game</Filter>
    </ClCompile>
  </ItemGroup>
  <ItemGroup>
    <ClInclude Include="main.h" />
    <ClInclude Include="gfx\gfx_asset.h">
      <Filter>gfx\base</Filter>
    </ClInclude>
    <ClInclude Include="gfx\gfx_engine.h">
      <Filter>gfx\base</Filter>
    </ClInclude>
    <ClInclude Include="gfx\gfx_font.h">
      <Filter>gfx\base</Filter>
    </ClInclude>
    <ClInclude Include="gfx\gfx_layer.h">
      <Filter>gfx\base</Filter>
    </ClInclude>
    <ClInclude Include="gfx\gfx_log_listener.h">
      <Filter>gfx\base</Filter>
    </ClInclude>
    <ClInclude Include="gfx\gfx_renderable.h">
      <Filter>gfx\base</Filter>
    </ClInclude>
    <ClInclude Include="gfx\gfx_sprite.h">
      <Filter>gfx\base</Filter>
    </ClInclude>
    <ClInclude Include="gfx\gfx_text_field.h">
      <Filter>gfx\base</Filter>
    </ClInclude>
    <ClInclude Include="gfx\gfx_text_list.h">
      <Filter>gfx\base</Filter>
    </ClInclude>
    <ClInclude Include="gfx\gfx_texture.h">
      <Filter>gfx\base</Filter>
    </ClInclude>
    <ClInclude Include="gfx\texture_window.h">
      <Filter>gfx\base\util</Filter>
    </ClInclude>
    <ClInclude Include="gfx\scale_nine.h">
      <Filter>gfx\base\util</Filter>
    </ClInclude>
    <ClInclude Include="ui\data_event.h">
      <Filter>ui\events</Filter>
    </ClInclude>
    <ClInclude Include="ui\event.h">
      <Filter>ui\events</Filter>
    </ClInclude>
    <ClInclude Include="ui\event_manager.h">
      <Filter>ui\events</Filter>
    </ClInclude>
    <ClInclude Include="ui\ievent_listener.h">
      <Filter>ui\events</Filter>
    </ClInclude>
    <ClInclude Include="ui\ievent_manager.h">
      <Filter>ui\events</Filter>
    </ClInclude>
    <ClInclude Include="ui\ui_button.h">
      <Filter>ui\gui</Filter>
    </ClInclude>
    <ClInclude Include="ui\ui_checkbox.h">
      <Filter>ui\gui</Filter>
    </ClInclude>
    <ClInclude Include="ui\ui_component.h">
      <Filter>ui\gui</Filter>
    </ClInclude>
    <ClInclude Include="ui\ui_image.h">
      <Filter>ui\gui</Filter>
    </ClInclude>
    <ClInclude Include="ui\ui_label.h">
      <Filter>ui\gui</Filter>
    </ClInclude>
    <ClInclude Include="ui\ui_text_input.h">
      <Filter>ui\gui</Filter>
    </ClInclude>
    <ClInclude Include="ui\ui_tooltip.h">
      <Filter>ui\gui</Filter>
    </ClInclude>
    <ClInclude Include="ui\keyboard_common.h">
      <Filter>ui\keyboard</Filter>
    </ClInclude>
    <ClInclude Include="ui\keyboard_manager.h">
      <Filter>ui\keyboard</Filter>
    </ClInclude>
    <ClInclude Include="ui\keyboard_event.h">
      <Filter>ui\keyboard</Filter>
    </ClInclude>
    <ClInclude Include="ui\mouse_event.h">
      <Filter>ui\mouse</Filter>
    </ClInclude>
    <ClInclude Include="ui\mouse_common.h">
      <Filter>ui\mouse</Filter>
    </ClInclude>
    <ClInclude Include="ui\mouse_manager.h">
      <Filter>ui\mouse</Filter>
    </ClInclude>
    <ClInclude Include="ui\ui_ingame_menu.h">
      <Filter>ui\rouge</Filter>
    </ClInclude>
    <ClInclude Include="ui\ui_main_menu.h">
      <Filter>ui\rouge</Filter>
    </ClInclude>
    <ClInclude Include="ui\ui_options_panel.h">
      <Filter>ui\rouge</Filter>
    </ClInclude>
    <ClInclude Include="game\camera.h">
      <Filter>game</Filter>
    </ClInclude>
    <ClInclude Include="game\character.h">
      <Filter>game</Filter>
    </ClInclude>
    <ClInclude Include="game\engine.h">
      <Filter>game</Filter>
    </ClInclude>
    <ClInclude Include="game\game.h">
      <Filter>game</Filter>
    </ClInclude>
    <ClInclude Include="game\game_object.h">
      <Filter>game</Filter>
    </ClInclude>
    <ClInclude Include="game\icontroller.h">
      <Filter>game</Filter>
    </ClInclude>
    <ClInclude Include="game\map.h">
      <Filter>game</Filter>
    </ClInclude>
    <ClInclude Include="game\player_controller.h">
      <Filter>game</Filter>
    </ClInclude>
    <ClInclude Include="game\tile.h">
      <Filter>game</Filter>
    </ClInclude>
    <ClInclude Include="game\tile_instance.h">
      <Filter>game</Filter>
    </ClInclude>
    <ClInclude Include="game\tile_set.h">
      <Filter>game</Filter>
    </ClInclude>
    <ClInclude Include="base\handle.h">
      <Filter>base</Filter>
    </ClInclude>
    <ClInclude Include="base\imanaged.h">
      <Filter>base</Filter>
    </ClInclude>
    <ClInclude Include="math\transform.h">
      <Filter>math</Filter>
    </ClInclude>
    <ClInclude Include="math\transform_lite.h">
      <Filter>math</Filter>
    </ClInclude>
    <ClInclude Include="math\vector.h">
      <Filter>math</Filter>
    </ClInclude>
    <ClInclude Include="sys\game_system.h">
      <Filter>sys\base</Filter>
    </ClInclude>
    <ClInclude Include="sys\isystem.h">
      <Filter>sys\base</Filter>
    </ClInclude>
    <ClInclude Include="sys\rouge_system.h">
      <Filter>sys\rouge</Filter>
    </ClInclude>
    <ClInclude Include="sys\win_system.h">
      <Filter>sys\win</Filter>
    </ClInclude>
    <ClInclude Include="log\file_log_listener.h">
      <Filter>log</Filter>
    </ClInclude>
    <ClInclude Include="log\ilog_listener.h">
      <Filter>log</Filter>
    </ClInclude>
    <ClInclude Include="log\log_entry.h">
      <Filter>log</Filter>
    </ClInclude>
    <ClInclude Include="log\logger.h">
      <Filter>log</Filter>
    </ClInclude>
    <ClInclude Include="game\item.h">
      <Filter>game</Filter>
    </ClInclude>
    <ClInclude Include="game\item_instance.h">
      <Filter>game</Filter>
    </ClInclude>
    <ClInclude Include="game\stats_common.h">
      <Filter>game\stats</Filter>
    </ClInclude>
    <ClInclude Include="game\stat_modifier.h">
      <Filter>game\stats</Filter>
    </ClInclude>
    <ClInclude Include="game\stat_modifiers.h">
      <Filter>game\stats</Filter>
    </ClInclude>
    <ClInclude Include="game\stat_range.h">
      <Filter>game\stats</Filter>
    </ClInclude>
    <ClInclude Include="game\stats.h">
      <Filter>game\stats</Filter>
    </ClInclude>
    <ClInclude Include="game\item_common.h">
      <Filter>game</Filter>
    </ClInclude>
    <ClInclude Include="ui\ui_inspector.h">
      <Filter>ui\rouge</Filter>
    </ClInclude>
    <ClInclude Include="ui\ui_game_hud.h">
      <Filter>ui\rouge</Filter>
    </ClInclude>
    <ClInclude Include="ui\ui_panel.h">
      <Filter>ui\gui</Filter>
    </ClInclude>
    <ClInclude Include="ui\ui_editor_hud.h">
      <Filter>ui\editor</Filter>
    </ClInclude>
    <ClInclude Include="ui\ui_asset_renderer.h">
      <Filter>ui\editor</Filter>
    </ClInclude>
    <ClInclude Include="gfx\gfx_particle_system.h">
      <Filter>gfx\base</Filter>
    </ClInclude>
    <ClInclude Include="gfx\gfx_effect.h">
      <Filter>gfx\base</Filter>
    </ClInclude>
    <ClInclude Include="gfx\gfx_colour_effect.h">
      <Filter>gfx\base</Filter>
    </ClInclude>
    <ClInclude Include="game\tile_type.h">
      <Filter>game</Filter>
    </ClInclude>
    <ClInclude Include="ui\ui_character_screen.h">
      <Filter>ui\rouge</Filter>
    </ClInclude>
    <ClInclude Include="gfx\gfx_node.h">
      <Filter>gfx\base\text</Filter>
    </ClInclude>
    <ClInclude Include="gfx\gfx_node_hitbox.h">
      <Filter>gfx\base\text</Filter>
    </ClInclude>
    <ClInclude Include="game\inventory.h">
      <Filter>game</Filter>
    </ClInclude>
    <ClInclude Include="game\inventory_spot.h">
      <Filter>game</Filter>
    </ClInclude>
    <ClInclude Include="gfx\gfx_text_style_selector.h">
      <Filter>gfx\base\text</Filter>
    </ClInclude>
    <ClInclude Include="gfx\gfx_text_style.h">
      <Filter>gfx\base\text</Filter>
    </ClInclude>
    <ClInclude Include="gfx\gfx_text_field2.h">
      <Filter>gfx\base\text</Filter>
    </ClInclude>
    <ClInclude Include="ui\ui_inventory_renderer.h">
      <Filter>ui\rouge</Filter>
    </ClInclude>
    <ClInclude Include="ui\inventory_event.h">
      <Filter>ui\rouge</Filter>
    </ClInclude>
    <ClInclude Include="ui\inventory_event_common.h">
      <Filter>ui\rouge</Filter>
    </ClInclude>
    <ClInclude Include="game\player_hand.h">
      <Filter>game</Filter>
    </ClInclude>
    <ClInclude Include="util\utils.h">
      <Filter>util</Filter>
    </ClInclude>
    <ClInclude Include="util\bounding_box.h">
      <Filter>util</Filter>
    </ClInclude>
    <ClInclude Include="util\colour.h">
      <Filter>util</Filter>
    </ClInclude>
    <ClInclude Include="util\json_value.h">
      <Filter>util</Filter>
    </ClInclude>
    <ClInclude Include="util\stat_tokeniser.h">
      <Filter>util</Filter>
    </ClInclude>
    <ClInclude Include="util\text_tokeniser.h">
      <Filter>util</Filter>
    </ClInclude>
    <ClInclude Include="util\tokeniser.h">
      <Filter>util</Filter>
    </ClInclude>
    <ClInclude Include="math\matrix.h">
      <Filter>math</Filter>
    </ClInclude>
    <ClInclude Include="sys\unit_test_system.h">
      <Filter>sys\tests</Filter>
    </ClInclude>
    <ClInclude Include="tests\test_base.h">
      <Filter>tests\base</Filter>
    </ClInclude>
    <ClInclude Include="tests\test_suite.h">
      <Filter>tests</Filter>
    </ClInclude>
    <ClInclude Include="tests\asserts.h">
      <Filter>tests</Filter>
    </ClInclude>
    <ClInclude Include="tests\test_mouse_manager.h">
      <Filter>tests\mouse</Filter>
    </ClInclude>
    <ClInclude Include="tests\test_map.h">
      <Filter>tests\game</Filter>
    </ClInclude>
    <ClInclude Include="tests\test_character.h">
      <Filter>tests\game</Filter>
    </ClInclude>
    <ClInclude Include="game\body_part.h">
      <Filter>game</Filter>
    </ClInclude>
  </ItemGroup>
</Project>