<?xml version="1.0" encoding="utf-8"?>
<Project ToolsVersion="4.0" xmlns="http://schemas.microsoft.com/developer/msbuild/2003">
  <ItemGroup>
    <Filter Include="sys">
      <UniqueIdentifier>{675d7bdf-a7d3-4ee7-b7c2-95acfcb9fa97}</UniqueIdentifier>
    </Filter>
    <Filter Include="ui">
      <UniqueIdentifier>{4451b9ce-ed5a-4216-9770-764eb7920875}</UniqueIdentifier>
    </Filter>
    <Filter Include="util">
      <UniqueIdentifier>{ec01dbb9-7296-4253-9b28-3cfc0e4d992b}</UniqueIdentifier>
    </Filter>
    <Filter Include="base">
      <UniqueIdentifier>{43800cf2-efdd-4b71-971e-5219813f18d5}</UniqueIdentifier>
    </Filter>
    <Filter Include="gfx">
      <UniqueIdentifier>{6d9e0df0-72fe-4eba-8963-729c5f25a8fa}</UniqueIdentifier>
    </Filter>
    <Filter Include="sys\base">
      <UniqueIdentifier>{51410dd5-f414-47d2-b562-60244e254b3a}</UniqueIdentifier>
    </Filter>
    <Filter Include="sys\win">
      <UniqueIdentifier>{fdf03f62-4fac-463d-938e-ec6090fe5387}</UniqueIdentifier>
    </Filter>
    <Filter Include="log">
      <UniqueIdentifier>{60ddc6fc-73ad-4155-bc31-deba8db52230}</UniqueIdentifier>
    </Filter>
    <Filter Include="math">
      <UniqueIdentifier>{685e5bbe-a0c2-4733-9993-93a5a78c91e7}</UniqueIdentifier>
    </Filter>
    <Filter Include="gfx\util">
      <UniqueIdentifier>{49add265-7644-43e1-87fa-fc1b0c568e07}</UniqueIdentifier>
    </Filter>
    <Filter Include="gfx\base">
      <UniqueIdentifier>{1e4a600d-7b74-4711-9496-4be3c7cee7fe}</UniqueIdentifier>
    </Filter>
    <Filter Include="ui\events">
      <UniqueIdentifier>{c28c02a0-765f-4ba9-8ff7-9d4329998dd6}</UniqueIdentifier>
    </Filter>
  </ItemGroup>
  <ItemGroup>
    <ClCompile Include="tokeniser.cpp">
      <Filter>util</Filter>
    </ClCompile>
    <ClCompile Include="json_value.cpp">
      <Filter>util</Filter>
    </ClCompile>
    <ClCompile Include="engine.cpp">
      <Filter>base</Filter>
    </ClCompile>
    <ClCompile Include="map.cpp">
      <Filter>base</Filter>
    </ClCompile>
    <ClCompile Include="tile.cpp">
      <Filter>base</Filter>
    </ClCompile>
    <ClCompile Include="game.cpp">
      <Filter>base</Filter>
    </ClCompile>
    <ClCompile Include="tile_instance.cpp">
      <Filter>base</Filter>
    </ClCompile>
    <ClCompile Include="main.cpp" />
    <ClCompile Include="game_system.cpp">
      <Filter>sys\base</Filter>
    </ClCompile>
    <ClCompile Include="win_system.cpp">
      <Filter>sys\win</Filter>
    </ClCompile>
    <ClCompile Include="log_entry.cpp">
      <Filter>log</Filter>
    </ClCompile>
    <ClCompile Include="logger.cpp">
      <Filter>log</Filter>
    </ClCompile>
    <ClCompile Include="flie_log_listener.cpp">
      <Filter>log</Filter>
    </ClCompile>
    <ClCompile Include="transform.cpp">
      <Filter>math</Filter>
    </ClCompile>
    <ClCompile Include="bounding_box.cpp">
      <Filter>util</Filter>
    </ClCompile>
    <ClCompile Include="gfx\gfx_asset.cpp">
      <Filter>gfx\base</Filter>
    </ClCompile>
    <ClCompile Include="gfx\gfx_component.cpp">
      <Filter>gfx\base</Filter>
    </ClCompile>
    <ClCompile Include="gfx\gfx_engine.cpp">
      <Filter>gfx\base</Filter>
    </ClCompile>
    <ClCompile Include="gfx\gfx_font.cpp">
      <Filter>gfx\base</Filter>
    </ClCompile>
    <ClCompile Include="gfx\gfx_layer.cpp">
      <Filter>gfx\base</Filter>
    </ClCompile>
    <ClCompile Include="gfx\gfx_log_listener.cpp">
      <Filter>gfx\base</Filter>
    </ClCompile>
    <ClCompile Include="gfx\gfx_renderable.cpp">
      <Filter>gfx\base</Filter>
    </ClCompile>
    <ClCompile Include="gfx\gfx_sprite.cpp">
      <Filter>gfx\base</Filter>
    </ClCompile>
    <ClCompile Include="gfx\gfx_text_field.cpp">
      <Filter>gfx\base</Filter>
    </ClCompile>
    <ClCompile Include="gfx\gfx_text_list.cpp">
      <Filter>gfx\base</Filter>
    </ClCompile>
    <ClCompile Include="gfx\gfx_texture.cpp">
      <Filter>gfx\base</Filter>
    </ClCompile>
    <ClCompile Include="gfx\texture_window.cpp">
      <Filter>gfx\util</Filter>
    </ClCompile>
    <ClCompile Include="event.cpp">
      <Filter>ui\events</Filter>
    </ClCompile>
    <ClCompile Include="mouse_event.cpp">
      <Filter>ui\events</Filter>
    </ClCompile>
    <ClCompile Include="event_manager.cpp">
      <Filter>ui\events</Filter>
    </ClCompile>
    <ClCompile Include="keyboard_event.cpp">
      <Filter>ui\events</Filter>
    </ClCompile>
    <ClCompile Include="ui_button.cpp">
      <Filter>ui</Filter>
    </ClCompile>
    <ClCompile Include="mouse_manager.cpp">
      <Filter>ui</Filter>
    </ClCompile>
    <ClCompile Include="colour.cpp">
      <Filter>util</Filter>
    </ClCompile>
    <ClCompile Include="ui_component.cpp">
      <Filter>ui</Filter>
    </ClCompile>
    <ClCompile Include="ui_checkbox.cpp">
      <Filter>ui</Filter>
    </ClCompile>
    <ClCompile Include="mouse_common.cpp">
      <Filter>ui</Filter>
    </ClCompile>
    <ClCompile Include="data_event.cpp">
      <Filter>ui\events</Filter>
    </ClCompile>
    <ClCompile Include="ui_label.cpp">
      <Filter>ui</Filter>
    </ClCompile>
    <ClCompile Include="imanaged.cpp">
      <Filter>util</Filter>
    </ClCompile>
    <ClCompile Include="ui_image.cpp">
      <Filter>ui</Filter>
    </ClCompile>
    <ClCompile Include="gfx\scale_nine.cpp">
      <Filter>gfx\util</Filter>
    </ClCompile>
    <ClCompile Include="ui_main_menu.cpp">
      <Filter>ui</Filter>
    </ClCompile>
    <ClCompile Include="ui_options_panel.cpp">
      <Filter>ui</Filter>
    </ClCompile>
  </ItemGroup>
  <ItemGroup>
    <ClInclude Include="tokeniser.h">
      <Filter>util</Filter>
    </ClInclude>
    <ClInclude Include="json_value.h">
      <Filter>util</Filter>
    </ClInclude>
    <ClInclude Include="engine.h">
      <Filter>base</Filter>
    </ClInclude>
    <ClInclude Include="game.h">
      <Filter>base</Filter>
    </ClInclude>
    <ClInclude Include="graphic.h">
      <Filter>base</Filter>
    </ClInclude>
    <ClInclude Include="tile.h">
      <Filter>base</Filter>
    </ClInclude>
    <ClInclude Include="tile_instance.h">
      <Filter>base</Filter>
    </ClInclude>
    <ClInclude Include="map.h">
      <Filter>base</Filter>
    </ClInclude>
    <ClInclude Include="main.h" />
    <ClInclude Include="resource_manager.h">
      <Filter>util</Filter>
    </ClInclude>
    <ClInclude Include="isystem.h">
      <Filter>sys\base</Filter>
    </ClInclude>
    <ClInclude Include="game_system.h">
      <Filter>sys\base</Filter>
    </ClInclude>
    <ClInclude Include="win_system.h">
      <Filter>sys\win</Filter>
    </ClInclude>
    <ClInclude Include="logger.h">
      <Filter>log</Filter>
    </ClInclude>
    <ClInclude Include="log_entry.h">
      <Filter>log</Filter>
    </ClInclude>
    <ClInclude Include="ilog_listener.h">
      <Filter>log</Filter>
    </ClInclude>
    <ClInclude Include="file_log_listener.h">
      <Filter>log</Filter>
    </ClInclude>
    <ClInclude Include="vector.h">
      <Filter>math</Filter>
    </ClInclude>
    <ClInclude Include="matrix.h">
      <Filter>math</Filter>
    </ClInclude>
    <ClInclude Include="transform.h">
      <Filter>math</Filter>
    </ClInclude>
    <ClInclude Include="bounding_box.h">
      <Filter>util</Filter>
    </ClInclude>
    <ClInclude Include="gfx\gfx_asset.h">
      <Filter>gfx\base</Filter>
    </ClInclude>
    <ClInclude Include="gfx\gfx_component.h">
      <Filter>gfx\base</Filter>
    </ClInclude>
    <ClInclude Include="gfx\gfx_engine.h">
      <Filter>gfx\base</Filter>
    </ClInclude>
    <ClInclude Include="gfx\gfx_font.h">
      <Filter>gfx\base</Filter>
    </ClInclude>
    <ClInclude Include="gfx\gfx_layer.h">
      <Filter>gfx\base</Filter>
    </ClInclude>
    <ClInclude Include="gfx\gfx_log_listener.h">
      <Filter>gfx\base</Filter>
    </ClInclude>
    <ClInclude Include="gfx\gfx_renderable.h">
      <Filter>gfx\base</Filter>
    </ClInclude>
    <ClInclude Include="gfx\gfx_sprite.h">
      <Filter>gfx\base</Filter>
    </ClInclude>
    <ClInclude Include="gfx\gfx_text_field.h">
      <Filter>gfx\base</Filter>
    </ClInclude>
    <ClInclude Include="gfx\gfx_text_list.h">
      <Filter>gfx\base</Filter>
    </ClInclude>
    <ClInclude Include="gfx\gfx_texture.h">
      <Filter>gfx\base</Filter>
    </ClInclude>
    <ClInclude Include="gfx\texture_window.h">
      <Filter>gfx\util</Filter>
    </ClInclude>
    <ClInclude Include="event.h">
      <Filter>ui\events</Filter>
    </ClInclude>
    <ClInclude Include="event_manager.h">
      <Filter>ui\events</Filter>
    </ClInclude>
    <ClInclude Include="ievent_listener.h">
      <Filter>ui\events</Filter>
    </ClInclude>
    <ClInclude Include="ievent_manager.h">
      <Filter>ui\events</Filter>
    </ClInclude>
    <ClInclude Include="keyboard_event.h">
      <Filter>ui\events</Filter>
    </ClInclude>
    <ClInclude Include="mouse_event.h">
      <Filter>ui\events</Filter>
    </ClInclude>
    <ClInclude Include="ui_button.h">
      <Filter>ui</Filter>
    </ClInclude>
    <ClInclude Include="mouse_manager.h">
      <Filter>ui</Filter>
    </ClInclude>
    <ClInclude Include="mouse_common.h">
      <Filter>ui</Filter>
    </ClInclude>
    <ClInclude Include="colour.h">
      <Filter>util</Filter>
    </ClInclude>
    <ClInclude Include="ui_component.h">
      <Filter>ui</Filter>
    </ClInclude>
    <ClInclude Include="ui_checkbox.h">
      <Filter>ui</Filter>
    </ClInclude>
    <ClInclude Include="data_event.h">
      <Filter>ui\events</Filter>
    </ClInclude>
    <ClInclude Include="ui_label.h">
      <Filter>ui</Filter>
    </ClInclude>
    <ClInclude Include="IManaged.h">
      <Filter>util</Filter>
    </ClInclude>
    <ClInclude Include="handle.h">
      <Filter>util</Filter>
    </ClInclude>
    <ClInclude Include="ui_tooltip.h">
      <Filter>ui</Filter>
    </ClInclude>
    <ClInclude Include="ui_image.h">
      <Filter>ui</Filter>
    </ClInclude>
    <ClInclude Include="gfx\scale_nine.h">
      <Filter>gfx\util</Filter>
    </ClInclude>
    <ClInclude Include="ui_main_menu.h">
      <Filter>ui</Filter>
    </ClInclude>
    <ClInclude Include="ui_options_panel.h">
      <Filter>ui</Filter>
    </ClInclude>
  </ItemGroup>
</Project>