<?xml version="1.0" encoding="utf-8"?>
<Project ToolsVersion="4.0" xmlns="http://schemas.microsoft.com/developer/msbuild/2003">
  <ItemGroup>
    <Filter Include="sys">
      <UniqueIdentifier>{675d7bdf-a7d3-4ee7-b7c2-95acfcb9fa97}</UniqueIdentifier>
    </Filter>
    <Filter Include="ui">
      <UniqueIdentifier>{4451b9ce-ed5a-4216-9770-764eb7920875}</UniqueIdentifier>
    </Filter>
    <Filter Include="util">
      <UniqueIdentifier>{ec01dbb9-7296-4253-9b28-3cfc0e4d992b}</UniqueIdentifier>
    </Filter>
    <Filter Include="base">
      <UniqueIdentifier>{43800cf2-efdd-4b71-971e-5219813f18d5}</UniqueIdentifier>
    </Filter>
    <Filter Include="gfx">
      <UniqueIdentifier>{6d9e0df0-72fe-4eba-8963-729c5f25a8fa}</UniqueIdentifier>
    </Filter>
    <Filter Include="gfx\base">
      <UniqueIdentifier>{dc3ab426-deb6-4dbe-81c7-53b90d170654}</UniqueIdentifier>
    </Filter>
    <Filter Include="gfx\gl">
      <UniqueIdentifier>{fc7e2776-296a-4e79-86b0-ae4bff1a267c}</UniqueIdentifier>
    </Filter>
    <Filter Include="sys\base">
      <UniqueIdentifier>{51410dd5-f414-47d2-b562-60244e254b3a}</UniqueIdentifier>
    </Filter>
    <Filter Include="sys\win">
      <UniqueIdentifier>{fdf03f62-4fac-463d-938e-ec6090fe5387}</UniqueIdentifier>
    </Filter>
    <Filter Include="log">
      <UniqueIdentifier>{60ddc6fc-73ad-4155-bc31-deba8db52230}</UniqueIdentifier>
    </Filter>
    <Filter Include="math">
      <UniqueIdentifier>{685e5bbe-a0c2-4733-9993-93a5a78c91e7}</UniqueIdentifier>
    </Filter>
  </ItemGroup>
  <ItemGroup>
    <ClCompile Include="tokeniser.cpp">
      <Filter>util</Filter>
    </ClCompile>
    <ClCompile Include="json_value.cpp">
      <Filter>util</Filter>
    </ClCompile>
    <ClCompile Include="engine.cpp">
      <Filter>base</Filter>
    </ClCompile>
    <ClCompile Include="map.cpp">
      <Filter>base</Filter>
    </ClCompile>
    <ClCompile Include="tile.cpp">
      <Filter>base</Filter>
    </ClCompile>
    <ClCompile Include="game.cpp">
      <Filter>base</Filter>
    </ClCompile>
    <ClCompile Include="tile_instance.cpp">
      <Filter>base</Filter>
    </ClCompile>
    <ClCompile Include="main.cpp" />
    <ClCompile Include="gl_font.cpp">
      <Filter>gfx\gl</Filter>
    </ClCompile>
    <ClCompile Include="gl_gfx_engine.cpp">
      <Filter>gfx\gl</Filter>
    </ClCompile>
    <ClCompile Include="gl_texture.cpp">
      <Filter>gfx\gl</Filter>
    </ClCompile>
    <ClCompile Include="game_system.cpp">
      <Filter>sys\base</Filter>
    </ClCompile>
    <ClCompile Include="win_system.cpp">
      <Filter>sys\win</Filter>
    </ClCompile>
    <ClCompile Include="gl_text_field.cpp">
      <Filter>gfx\gl</Filter>
    </ClCompile>
    <ClCompile Include="log_entry.cpp">
      <Filter>log</Filter>
    </ClCompile>
    <ClCompile Include="logger.cpp">
      <Filter>log</Filter>
    </ClCompile>
    <ClCompile Include="flie_log_listener.cpp">
      <Filter>log</Filter>
    </ClCompile>
    <ClCompile Include="transform.cpp">
      <Filter>math</Filter>
    </ClCompile>
    <ClCompile Include="gl_sprite.cpp">
      <Filter>gfx\gl</Filter>
    </ClCompile>
    <ClCompile Include="texture_window">
      <Filter>gfx\base</Filter>
    </ClCompile>
    <ClCompile Include="gl_layer.cpp">
      <Filter>gfx\gl</Filter>
    </ClCompile>
  </ItemGroup>
  <ItemGroup>
    <ClInclude Include="tokeniser.h">
      <Filter>util</Filter>
    </ClInclude>
    <ClInclude Include="json_value.h">
      <Filter>util</Filter>
    </ClInclude>
    <ClInclude Include="engine.h">
      <Filter>base</Filter>
    </ClInclude>
    <ClInclude Include="game.h">
      <Filter>base</Filter>
    </ClInclude>
    <ClInclude Include="graphic.h">
      <Filter>base</Filter>
    </ClInclude>
    <ClInclude Include="tile.h">
      <Filter>base</Filter>
    </ClInclude>
    <ClInclude Include="tile_instance.h">
      <Filter>base</Filter>
    </ClInclude>
    <ClInclude Include="map.h">
      <Filter>base</Filter>
    </ClInclude>
    <ClInclude Include="main.h" />
    <ClInclude Include="resource_manager.h">
      <Filter>util</Filter>
    </ClInclude>
    <ClInclude Include="ifont.h">
      <Filter>gfx\base</Filter>
    </ClInclude>
    <ClInclude Include="igfx_component.h">
      <Filter>gfx\base</Filter>
    </ClInclude>
    <ClInclude Include="igfx_engine.h">
      <Filter>gfx\base</Filter>
    </ClInclude>
    <ClInclude Include="itexture.h">
      <Filter>gfx\base</Filter>
    </ClInclude>
    <ClInclude Include="gl.h">
      <Filter>gfx\gl</Filter>
    </ClInclude>
    <ClInclude Include="gl_texture.h">
      <Filter>gfx\gl</Filter>
    </ClInclude>
    <ClInclude Include="gl_font.h">
      <Filter>gfx\gl</Filter>
    </ClInclude>
    <ClInclude Include="gl_gfx_engine.h">
      <Filter>gfx\gl</Filter>
    </ClInclude>
    <ClInclude Include="isystem.h">
      <Filter>sys\base</Filter>
    </ClInclude>
    <ClInclude Include="game_system.h">
      <Filter>sys\base</Filter>
    </ClInclude>
    <ClInclude Include="win_system.h">
      <Filter>sys\win</Filter>
    </ClInclude>
    <ClInclude Include="itext_field.h">
      <Filter>gfx\base</Filter>
    </ClInclude>
    <ClInclude Include="gl_text_field.h">
      <Filter>gfx\gl</Filter>
    </ClInclude>
    <ClInclude Include="irenderable.h">
      <Filter>gfx\base</Filter>
    </ClInclude>
    <ClInclude Include="logger.h">
      <Filter>log</Filter>
    </ClInclude>
    <ClInclude Include="log_entry.h">
      <Filter>log</Filter>
    </ClInclude>
    <ClInclude Include="ilog_listener.h">
      <Filter>log</Filter>
    </ClInclude>
    <ClInclude Include="file_log_listener.h">
      <Filter>log</Filter>
    </ClInclude>
    <ClInclude Include="vector.h">
      <Filter>math</Filter>
    </ClInclude>
    <ClInclude Include="matrix.h">
      <Filter>math</Filter>
    </ClInclude>
    <ClInclude Include="transform.h">
      <Filter>math</Filter>
    </ClInclude>
    <ClInclude Include="isprite.h">
      <Filter>gfx\base</Filter>
    </ClInclude>
    <ClInclude Include="gl_sprite.h">
      <Filter>gfx\gl</Filter>
    </ClInclude>
    <ClInclude Include="igl_renderable.h">
      <Filter>gfx\gl</Filter>
    </ClInclude>
    <ClInclude Include="igl_gfx_component.h">
      <Filter>gfx\gl</Filter>
    </ClInclude>
    <ClInclude Include="texture_window.h">
      <Filter>gfx\base</Filter>
    </ClInclude>
    <ClInclude Include="ilayer.h">
      <Filter>gfx\base</Filter>
    </ClInclude>
    <ClInclude Include="gl_layer.h">
      <Filter>gfx\gl</Filter>
    </ClInclude>
  </ItemGroup>
</Project>